# This file is autogenerated, do not edit; changes may be undone by the next 'dep ensure'.


[[projects]]
  name = "cloud.google.com/go"
  packages = [
    "compute/metadata",
    "internal/version",
    "language/apiv1"
  ]
  revision = "20d4028b8a750c2aca76bf9fefa8ed2d0109b573"
  version = "v0.19.0"

[[projects]]
  branch = "master"
  name = "github.com/aclements/go-moremath"
  packages = ["mathx"]
  revision = "b1aff36309c727972dd8b46fcc93f88763a62348"

[[projects]]
  name = "github.com/boltdb/bolt"
  packages = ["."]
  revision = "2f1ce7a837dcb8da3ec595b1dac9d0632f0f99e8"
  version = "v1.3.1"

[[projects]]
  branch = "master"
  name = "github.com/dgryski/go-onlinestats"
  packages = ["."]
  revision = "1c7d1946876822b4a3a4b11b598e3aad1d05265e"

[[projects]]
  branch = "master"
  name = "github.com/golang/freetype"
  packages = [
    "raster",
    "truetype"
  ]
  revision = "e2365dfdc4a05e4b8299a783240d4a7d5a65d4e4"

[[projects]]
  name = "github.com/golang/protobuf"
  packages = [
    "proto",
    "protoc-gen-go/descriptor",
    "ptypes",
    "ptypes/any",
    "ptypes/duration",
    "ptypes/timestamp"
  ]
  revision = "925541529c1fa6821df4e44ce2723319eb2be768"
  version = "v1.0.0"

[[projects]]
  name = "github.com/googleapis/gax-go"
  packages = ["."]
  revision = "317e0006254c44a0ac427cc52a0e083ff0b9622f"
  version = "v2.0.0"

[[projects]]
  name = "github.com/joho/godotenv"
  packages = ["."]
  revision = "a79fa1e548e2c689c241d10173efd51e5d689d5b"
  version = "v1.2.0"

[[projects]]
  name = "github.com/wcharczuk/go-chart"
  packages = [
    ".",
    "drawing",
    "matrix",
    "roboto",
    "seq",
    "util"
  ]
  revision = "7c3982fe3d8ab0c9eea9ab5d2aced51e45d447bc"
  version = "v2.0.1"

[[projects]]
  name = "go.opencensus.io"
  packages = [
    "internal",
    "internal/tagencoding",
    "plugin/ocgrpc",
    "plugin/ochttp",
    "plugin/ochttp/propagation/b3",
    "plugin/ochttp/propagation/google",
    "stats",
    "stats/internal",
    "stats/view",
    "tag",
    "trace",
    "trace/propagation"
  ]
  revision = "52b12e1eb8fdf769ad0bf5fd73a2af9484e6b196"
  version = "v0.4.0"

[[projects]]
  branch = "master"
  name = "golang.org/x/image"
  packages = [
    "draw",
    "font",
    "math/f64",
    "math/fixed"
  ]
  revision = "12117c17ca67ffa1ce22e9409f3b0b0a93ac08c7"

[[projects]]
  branch = "master"
  name = "golang.org/x/net"
  packages = [
    "context",
    "context/ctxhttp",
    "http2",
    "http2/hpack",
    "idna",
    "internal/timeseries",
    "lex/httplex",
    "trace"
  ]
  revision = "d0aafc73d5cdc42264b0af071c261abac580695e"

[[projects]]
  branch = "master"
  name = "golang.org/x/oauth2"
  packages = [
    ".",
    "google",
    "internal",
    "jws",
    "jwt"
  ]
  revision = "2f32c3ac0fa4fb807a0fcefb0b6f2468a0d99bd0"

[[projects]]
  branch = "master"
  name = "golang.org/x/sys"
  packages = ["unix"]
  revision = "c28acc882ebcbfbe8ce9f0f14b9ac26ee138dd51"

[[projects]]
  name = "golang.org/x/text"
  packages = [
    "collate",
    "collate/build",
    "internal/colltab",
    "internal/gen",
    "internal/tag",
    "internal/triegen",
    "internal/ucd",
    "language",
    "secure/bidirule",
    "transform",
    "unicode/bidi",
    "unicode/cldr",
    "unicode/norm",
    "unicode/rangetable"
  ]
  revision = "f21a4dfb5e38f5895301dc265a8def02365cc3d0"
  version = "v0.3.0"

[[projects]]
  branch = "master"
  name = "google.golang.org/api"
  packages = [
    "googleapi/transport",
    "internal",
    "option",
    "transport",
    "transport/grpc",
    "transport/http"
  ]
  revision = "ebf6d55474decb4b02d9a828e264669081dec5f5"

[[projects]]
  name = "google.golang.org/appengine"
  packages = [
    ".",
    "internal",
    "internal/app_identity",
    "internal/base",
    "internal/datastore",
    "internal/log",
    "internal/modules",
    "internal/remote_api",
    "internal/socket",
    "internal/urlfetch",
    "socket",
    "urlfetch"
  ]
  revision = "150dc57a1b433e64154302bdc40b6bb8aefa313a"
  version = "v1.0.0"

[[projects]]
  branch = "master"
  name = "google.golang.org/genproto"
  packages = [
    "googleapis/api/annotations",
    "googleapis/cloud/language/v1",
    "googleapis/rpc/status"
  ]
  revision = "df60624c1e9b9d2973e889c7a1cff73155da81c4"

[[projects]]
  name = "google.golang.org/grpc"
  packages = [
    ".",
    "balancer",
    "balancer/base",
    "balancer/roundrobin",
    "codes",
    "connectivity",
    "credentials",
    "credentials/oauth",
    "encoding",
    "encoding/proto",
    "grpclb/grpc_lb_v1/messages",
    "grpclog",
    "internal",
    "keepalive",
    "metadata",
    "naming",
    "peer",
    "resolver",
    "resolver/dns",
    "resolver/passthrough",
    "stats",
    "status",
    "tap",
    "transport"
  ]
  revision = "8e4536a86ab602859c20df5ebfd0bd4228d08655"
  version = "v1.10.0"

[solve-meta]
  analyzer-name = "dep"
  analyzer-version = 1
  inputs-digest = "b861fa1f35b259c36298ee9c089d262f1904ddfe541188611148b3d2d1729174"
  solver-name = "gps-cdcl"
  solver-version = 1
